
Microsoft Visual Studio Solution File, Format Version 12.00
# Visual Studio Version 16
VisualStudioVersion = 16.0.30804.86
MinimumVisualStudioVersion = 10.0.40219.1
Project("{FAE04EC0-301F-11D3-BF4B-00C04F79EFBC}") = "점찍기 선그리기 믹스", "점찍기 선그리기 믹스.csproj", "{3DB2BF35-EE10-4737-A894-52D43CC3C4F9}"
EndProject
Global
	GlobalSection(SolutionConfigurationPlatforms) = preSolution
		Debug|Any CPU = Debug|Any CPU
		Release|Any CPU = Release|Any CPU
	EndGlobalSection
	GlobalSection(ProjectConfigurationPlatforms) = postSolution
		{3DB2BF35-EE10-4737-A894-52D43CC3C4F9}.Debug|Any CPU.ActiveCfg = Debug|Any CPU
		{3DB2BF35-EE10-4737-A894-52D43CC3C4F9}.Debug|Any CPU.Build.0 = Debug|Any CPU
		{3DB2BF35-EE10-4737-A894-52D43CC3C4F9}.Release|Any CPU.ActiveCfg = Release|Any CPU
		{3DB2BF35-EE10-4737-A894-52D43CC3C4F9}.Release|Any CPU.Build.0 = Release|Any CPU
	EndGlobalSection
	GlobalSection(SolutionProperties) = preSolution
		HideSolutionNode = FALSE
	EndGlobalSection
	GlobalSection(ExtensibilityGlobals) = postSolution
		SolutionGuid = {9A0FA76D-B0C5-45CC-9B29-FA07E06E7ADD}
	EndGlobalSection
EndGlobal
